
Microsoft Visual Studio Solution File, Format Version 12.00
# Visual Studio Version 16
VisualStudioVersion = 16.0.30002.166
MinimumVisualStudioVersion = 10.0.40219.1
Project("{9A19103F-16F7-4668-BE54-9A1E7A4F7556}") = "ClassLibrary", "ClassLibrary\ClassLibrary.csproj", "{9B2A42A7-8B11-4E9C-8868-3A6D63F5767D}"
EndProject
Project("{FAE04EC0-301F-11D3-BF4B-00C04F79EFBC}") = "FunctionApp", "FunctionApp\FunctionApp.csproj", "{FBCF39EE-140B-4177-BE53-5B5FA954A731}"
EndProject
Project("{FAE04EC0-301F-11D3-BF4B-00C04F79EFBC}") = "NUnitTestProject", "NUnitTestProject\NUnitTestProject.csproj", "{C5A6F569-F3A8-4092-8DE5-AE1ACEE0ABC9}"
EndProject
Global
	GlobalSection(SolutionConfigurationPlatforms) = preSolution
		Debug|Any CPU = Debug|Any CPU
		Release|Any CPU = Release|Any CPU
	EndGlobalSection
	GlobalSection(ProjectConfigurationPlatforms) = postSolution
		{9B2A42A7-8B11-4E9C-8868-3A6D63F5767D}.Debug|Any CPU.ActiveCfg = Debug|Any CPU
		{9B2A42A7-8B11-4E9C-8868-3A6D63F5767D}.Debug|Any CPU.Build.0 = Debug|Any CPU
		{9B2A42A7-8B11-4E9C-8868-3A6D63F5767D}.Release|Any CPU.ActiveCfg = Release|Any CPU
		{9B2A42A7-8B11-4E9C-8868-3A6D63F5767D}.Release|Any CPU.Build.0 = Release|Any CPU
		{FBCF39EE-140B-4177-BE53-5B5FA954A731}.Debug|Any CPU.ActiveCfg = Debug|Any CPU
		{FBCF39EE-140B-4177-BE53-5B5FA954A731}.Debug|Any CPU.Build.0 = Debug|Any CPU
		{FBCF39EE-140B-4177-BE53-5B5FA954A731}.Release|Any CPU.ActiveCfg = Release|Any CPU
		{FBCF39EE-140B-4177-BE53-5B5FA954A731}.Release|Any CPU.Build.0 = Release|Any CPU
		{C5A6F569-F3A8-4092-8DE5-AE1ACEE0ABC9}.Debug|Any CPU.ActiveCfg = Debug|Any CPU
		{C5A6F569-F3A8-4092-8DE5-AE1ACEE0ABC9}.Debug|Any CPU.Build.0 = Debug|Any CPU
		{C5A6F569-F3A8-4092-8DE5-AE1ACEE0ABC9}.Release|Any CPU.ActiveCfg = Release|Any CPU
		{C5A6F569-F3A8-4092-8DE5-AE1ACEE0ABC9}.Release|Any CPU.Build.0 = Release|Any CPU
	EndGlobalSection
	GlobalSection(SolutionProperties) = preSolution
		HideSolutionNode = FALSE
	EndGlobalSection
	GlobalSection(ExtensibilityGlobals) = postSolution
		SolutionGuid = {893A0AB6-FD2B-4F45-B67D-936CD4A0FFE1}
	EndGlobalSection
EndGlobal
